// !$*UTF8*$!
{
	archiveVersion = 1;
	classes = {
	};
	objectVersion = 77;
	objects = {

/* Begin PBXContainerItemProxy section */
		E7A030642EA720530072496D /* PBXContainerItemProxy */ = {
			isa = PBXContainerItemProxy;
			containerPortal = E7A0304B2EA720520072496D /* Project object */;
			proxyType = 1;
			remoteGlobalIDString = E7A030522EA720520072496D;
			remoteInfo = LumaFlow;
		};
		E7A0306E2EA720530072496D /* PBXContainerItemProxy */ = {
			isa = PBXContainerItemProxy;
			containerPortal = E7A0304B2EA720520072496D /* Project object */;
			proxyType = 1;
			remoteGlobalIDString = E7A030522EA720520072496D;
			remoteInfo = LumaFlow;
		};
/* End PBXContainerItemProxy section */

/* Begin PBXFileReference section */
		E7A030532EA720520072496D /* LumaFlow.app */ = {isa = PBXFileReference; explicitFileType = wrapper.application; includeInIndex = 0; path = LumaFlow.app; sourceTree = BUILT_PRODUCTS_DIR; };
		E7A030632EA720530072496D /* LumaFlowTests.xctest */ = {isa = PBXFileReference; explicitFileType = wrapper.cfbundle; includeInIndex = 0; path = LumaFlowTests.xctest; sourceTree = BUILT_PRODUCTS_DIR; };
		E7A0306D2EA720530072496D /* LumaFlowUITests.xctest */ = {isa = PBXFileReference; explicitFileType = wrapper.cfbundle; includeInIndex = 0; path = LumaFlowUITests.xctest; sourceTree = BUILT_PRODUCTS_DIR; };
/* End PBXFileReference section */

/* Begin PBXFileSystemSynchronizedBuildFileExceptionSet section */
		E7A030802EA720530072496D /* Exceptions for "LumaFlow" folder in "LumaFlow" target */ = {
			isa = PBXFileSystemSynchronizedBuildFileExceptionSet;
			membershipExceptions = (
				Info.plist,
			);
			target = E7A030522EA720520072496D /* LumaFlow */;
		};
/* End PBXFileSystemSynchronizedBuildFileExceptionSet section */

/* Begin PBXFileSystemSynchronizedRootGroup section */
		E7A030552EA720520072496D /* LumaFlow */ = {
			isa = PBXFileSystemSynchronizedRootGroup;
			exceptions = (
				E7A030802EA720530072496D /* Exceptions for "LumaFlow" folder in "LumaFlow" target */,
			);
			path = LumaFlow;
			sourceTree = "<group>";
		};
		E7A030662EA720530072496D /* LumaFlowTests */ = {
			isa = PBXFileSystemSynchronizedRootGroup;
			path = LumaFlowTests;
			sourceTree = "<group>";
		};
		E7A030702EA720530072496D /* LumaFlowUITests */ = {
			isa = PBXFileSystemSynchronizedRootGroup;
			path = LumaFlowUITests;
			sourceTree = "<group>";
		};
/* End PBXFileSystemSynchronizedRootGroup section */

/* Begin PBXFrameworksBuildPhase section */
		E7A030502EA720520072496D /* Frameworks */ = {
			isa = PBXFrameworksBuildPhase;
			buildActionMask = 2147483647;
			files = (
			);
			runOnlyForDeploymentPostprocessing = 0;
		};
		E7A030602EA720530072496D /* Frameworks */ = {
			isa = PBXFrameworksBuildPhase;
			buildActionMask = 2147483647;
			files = (
			);
			runOnlyForDeploymentPostprocessing = 0;
		};
		E7A0306A2EA720530072496D /* Frameworks */ = {
			isa = PBXFrameworksBuildPhase;
			buildActionMask = 2147483647;
			files = (
			);
			runOnlyForDeploymentPostprocessing = 0;
		};
/* End PBXFrameworksBuildPhase section */

/* Begin PBXGroup section */
		E7A0304A2EA720520072496D = {
			isa = PBXGroup;
			children = (
				E7A030552EA720520072496D /* LumaFlow */,
				E7A030662EA720530072496D /* LumaFlowTests */,
				E7A030702EA720530072496D /* LumaFlowUITests */,
				E7A030542EA720520072496D /* Products */,
			);
			sourceTree = "<group>";
		};
		E7A030542EA720520072496D /* Products */ = {
			isa = PBXGroup;
			children = (
				E7A030532EA720520072496D /* LumaFlow.app */,
				E7A030632EA720530072496D /* LumaFlowTests.xctest */,
				E7A0306D2EA720530072496D /* LumaFlowUITests.xctest */,
			);
			name = Products;
			sourceTree = "<group>";
		};
/* End PBXGroup section */

/* Begin PBXNativeTarget section */
		E7A030522EA720520072496D /* LumaFlow */ = {
			isa = PBXNativeTarget;
			buildConfigurationList = E7A030772EA720530072496D /* Build configuration list for PBXNativeTarget "LumaFlow" */;
			buildPhases = (
				E7A0304F2EA720520072496D /* Sources */,
				E7A030502EA720520072496D /* Frameworks */,
				E7A030512EA720520072496D /* Resources */,
			);
			buildRules = (
			);
			dependencies = (
			);
			fileSystemSynchronizedGroups = (
				E7A030552EA720520072496D /* LumaFlow */,
			);
			name = LumaFlow;
			packageProductDependencies = (
			);
			productName = LumaFlow;
			productReference = E7A030532EA720520072496D /* LumaFlow.app */;
			productType = "com.apple.product-type.application";
		};
		E7A030622EA720530072496D /* LumaFlowTests */ = {
			isa = PBXNativeTarget;
			buildConfigurationList = E7A0307A2EA720530072496D /* Build configuration list for PBXNativeTarget "LumaFlowTests" */;
			buildPhases = (
				E7A0305F2EA720530072496D /* Sources */,
				E7A030602EA720530072496D /* Frameworks */,
				E7A030612EA720530072496D /* Resources */,
			);
			buildRules = (
			);
			dependencies = (
				E7A030652EA720530072496D /* PBXTargetDependency */,
			);
			fileSystemSynchronizedGroups = (
				E7A030662EA720530072496D /* LumaFlowTests */,
			);
			name = LumaFlowTests;
			packageProductDependencies = (
			);
			productName = LumaFlowTests;
			productReference = E7A030632EA720530072496D /* LumaFlowTests.xctest */;
			productType = "com.apple.product-type.bundle.unit-test";
		};
		E7A0306C2EA720530072496D /* LumaFlowUITests */ = {
			isa = PBXNativeTarget;
			buildConfigurationList = E7A0307D2EA720530072496D /* Build configuration list for PBXNativeTarget "LumaFlowUITests" */;
			buildPhases = (
				E7A030692EA720530072496D /* Sources */,
				E7A0306A2EA720530072496D /* Frameworks */,
				E7A0306B2EA720530072496D /* Resources */,
			);
			buildRules = (
			);
			dependencies = (
				E7A0306F2EA720530072496D /* PBXTargetDependency */,
			);
			fileSystemSynchronizedGroups = (
				E7A030702EA720530072496D /* LumaFlowUITests */,
			);
			name = LumaFlowUITests;
			packageProductDependencies = (
			);
			productName = LumaFlowUITests;
			productReference = E7A0306D2EA720530072496D /* LumaFlowUITests.xctest */;
			productType = "com.apple.product-type.bundle.ui-testing";
		};
/* End PBXNativeTarget section */

/* Begin PBXProject section */
		E7A0304B2EA720520072496D /* Project object */ = {
			isa = PBXProject;
			attributes = {
				BuildIndependentTargetsInParallel = 1;
				LastSwiftUpdateCheck = 1620;
				LastUpgradeCheck = 1620;
				TargetAttributes = {
					E7A030522EA720520072496D = {
						CreatedOnToolsVersion = 16.2;
					};
					E7A030622EA720530072496D = {
						CreatedOnToolsVersion = 16.2;
						TestTargetID = E7A030522EA720520072496D;
					};
					E7A0306C2EA720530072496D = {
						CreatedOnToolsVersion = 16.2;
						TestTargetID = E7A030522EA720520072496D;
					};
				};
			};
			buildConfigurationList = E7A0304E2EA720520072496D /* Build configuration list for PBXProject "LumaFlow" */;
			developmentRegion = en;
			hasScannedForEncodings = 0;
			knownRegions = (
				en,
				Base,
			);
			mainGroup = E7A0304A2EA720520072496D;
			minimizedProjectReferenceProxies = 1;
			preferredProjectObjectVersion = 77;
			productRefGroup = E7A030542EA720520072496D /* Products */;
			projectDirPath = "";
			projectRoot = "";
			targets = (
				E7A030522EA720520072496D /* LumaFlow */,
				E7A030622EA720530072496D /* LumaFlowTests */,
				E7A0306C2EA720530072496D /* LumaFlowUITests */,
			);
		};
/* End PBXProject section */

/* Begin PBXResourcesBuildPhase section */
		E7A030512EA720520072496D /* Resources */ = {
			isa = PBXResourcesBuildPhase;
			buildActionMask = 2147483647;
			files = (
			);
			runOnlyForDeploymentPostprocessing = 0;
		};
		E7A030612EA720530072496D /* Resources */ = {
			isa = PBXResourcesBuildPhase;
			buildActionMask = 2147483647;
			files = (
			);
			runOnlyForDeploymentPostprocessing = 0;
		};
		E7A0306B2EA720530072496D /* Resources */ = {
			isa = PBXResourcesBuildPhase;
			buildActionMask = 2147483647;
			files = (
			);
			runOnlyForDeploymentPostprocessing = 0;
		};
/* End PBXResourcesBuildPhase section */

/* Begin PBXSourcesBuildPhase section */
		E7A0304F2EA720520072496D /* Sources */ = {
			isa = PBXSourcesBuildPhase;
			buildActionMask = 2147483647;
			files = (
			);
			runOnlyForDeploymentPostprocessing = 0;
		};
		E7A0305F2EA720530072496D /* Sources */ = {
			isa = PBXSourcesBuildPhase;
			buildActionMask = 2147483647;
			files = (
			);
			runOnlyForDeploymentPostprocessing = 0;
		};
		E7A030692EA720530072496D /* Sources */ = {
			isa = PBXSourcesBuildPhase;
			buildActionMask = 2147483647;
			files = (
			);
			runOnlyForDeploymentPostprocessing = 0;
		};
/* End PBXSourcesBuildPhase section */

/* Begin PBXTargetDependency section */
		E7A030652EA720530072496D /* PBXTargetDependency */ = {
			isa = PBXTargetDependency;
			target = E7A030522EA720520072496D /* LumaFlow */;
			targetProxy = E7A030642EA720530072496D /* PBXContainerItemProxy */;
		};
		E7A0306F2EA720530072496D /* PBXTargetDependency */ = {
			isa = PBXTargetDependency;
			target = E7A030522EA720520072496D /* LumaFlow */;
			targetProxy = E7A0306E2EA720530072496D /* PBXContainerItemProxy */;
		};
/* End PBXTargetDependency section */

/* Begin XCBuildConfiguration section */
		E7A030752EA720530072496D /* Debug */ = {
			isa = XCBuildConfiguration;
			buildSettings = {
				ALWAYS_SEARCH_USER_PATHS = NO;
				ASSETCATALOG_COMPILER_GENERATE_SWIFT_ASSET_SYMBOL_EXTENSIONS = YES;
				CLANG_ANALYZER_NONNULL = YES;
				CLANG_ANALYZER_NUMBER_OBJECT_CONVERSION = YES_AGGRESSIVE;
				CLANG_CXX_LANGUAGE_STANDARD = "gnu++20";
				CLANG_ENABLE_MODULES = YES;
				CLANG_ENABLE_OBJC_ARC = YES;
				CLANG_ENABLE_OBJC_WEAK = YES;
				CLANG_WARN_BLOCK_CAPTURE_AUTORELEASING = YES;
				CLANG_WARN_BOOL_CONVERSION = YES;
				CLANG_WARN_COMMA = YES;
				CLANG_WARN_CONSTANT_CONVERSION = YES;
				CLANG_WARN_DEPRECATED_OBJC_IMPLEMENTATIONS = YES;
				CLANG_WARN_DIRECT_OBJC_ISA_USAGE = YES_ERROR;
				CLANG_WARN_DOCUMENTATION_COMMENTS = YES;
				CLANG_WARN_EMPTY_BODY = YES;
				CLANG_WARN_ENUM_CONVERSION = YES;
				CLANG_WARN_INFINITE_RECURSION = YES;
				CLANG_WARN_INT_CONVERSION = YES;
				CLANG_WARN_NON_LITERAL_NULL_CONVERSION = YES;
				CLANG_WARN_OBJC_IMPLICIT_RETAIN_SELF = YES;
				CLANG_WARN_OBJC_LITERAL_CONVERSION = YES;
				CLANG_WARN_OBJC_ROOT_CLASS = YES_ERROR;
				CLANG_WARN_QUOTED_INCLUDE_IN_FRAMEWORK_HEADER = YES;
				CLANG_WARN_RANGE_LOOP_ANALYSIS = YES;
				CLANG_WARN_STRICT_PROTOTYPES = YES;
				CLANG_WARN_SUSPICIOUS_MOVE = YES;
				CLANG_WARN_UNGUARDED_AVAILABILITY = YES_AGGRESSIVE;
				CLANG_WARN_UNREACHABLE_CODE = YES;
				CLANG_WARN__DUPLICATE_METHOD_MATCH = YES;
				COPY_PHASE_STRIP = NO;
				DEBUG_INFORMATION_FORMAT = dwarf;
				ENABLE_STRICT_OBJC_MSGSEND = YES;
				ENABLE_TESTABILITY = YES;
				ENABLE_USER_SCRIPT_SANDBOXING = YES;
				GCC_C_LANGUAGE_STANDARD = gnu17;
				GCC_DYNAMIC_NO_PIC = NO;
				GCC_NO_COMMON_BLOCKS = YES;
				GCC_OPTIMIZATION_LEVEL = 0;
				GCC_PREPROCESSOR_DEFINITIONS = (
					"DEBUG=1",
					"$(inherited)",
				);
				GCC_WARN_64_TO_32_BIT_CONVERSION = YES;
				GCC_WARN_ABOUT_RETURN_TYPE = YES_ERROR;
				GCC_WARN_UNDECLARED_SELECTOR = YES;
				GCC_WARN_UNINITIALIZED_AUTOS = YES_AGGRESSIVE;
				GCC_WARN_UNUSED_FUNCTION = YES;
				GCC_WARN_UNUSED_VARIABLE = YES;
				IPHONEOS_DEPLOYMENT_TARGET = 18.2;
				LOCALIZATION_PREFERS_STRING_CATALOGS = YES;
				MTL_ENABLE_DEBUG_INFO = INCLUDE_SOURCE;
				MTL_FAST_MATH = YES;
				ONLY_ACTIVE_ARCH = YES;
				SDKROOT = iphoneos;
				SWIFT_ACTIVE_COMPILATION_CONDITIONS = "DEBUG $(inherited)";
				SWIFT_OPTIMIZATION_LEVEL = "-Onone";
			};
			name = Debug;
		};
		E7A030762EA720530072496D /* Release */ = {
			isa = XCBuildConfiguration;
			buildSettings = {
				ALWAYS_SEARCH_USER_PATHS = NO;
				ASSETCATALOG_COMPILER_GENERATE_SWIFT_ASSET_SYMBOL_EXTENSIONS = YES;
				CLANG_ANALYZER_NONNULL = YES;
				CLANG_ANALYZER_NUMBER_OBJECT_CONVERSION = YES_AGGRESSIVE;
				CLANG_CXX_LANGUAGE_STANDARD = "gnu++20";
				CLANG_ENABLE_MODULES = YES;
				CLANG_ENABLE_OBJC_ARC = YES;
				CLANG_ENABLE_OBJC_WEAK = YES;
				CLANG_WARN_BLOCK_CAPTURE_AUTORELEASING = YES;
				CLANG_WARN_BOOL_CONVERSION = YES;
				CLANG_WARN_COMMA = YES;
				CLANG_WARN_CONSTANT_CONVERSION = YES;
				CLANG_WARN_DEPRECATED_OBJC_IMPLEMENTATIONS = YES;
				CLANG_WARN_DIRECT_OBJC_ISA_USAGE = YES_ERROR;
				CLANG_WARN_DOCUMENTATION_COMMENTS = YES;
				CLANG_WARN_EMPTY_BODY = YES;
				CLANG_WARN_ENUM_CONVERSION = YES;
				CLANG_WARN_INFINITE_RECURSION = YES;
				CLANG_WARN_INT_CONVERSION = YES;
				CLANG_WARN_NON_LITERAL_NULL_CONVERSION = YES;
				CLANG_WARN_OBJC_IMPLICIT_RETAIN_SELF = YES;
				CLANG_WARN_OBJC_LITERAL_CONVERSION = YES;
				CLANG_WARN_OBJC_ROOT_CLASS = YES_ERROR;
				CLANG_WARN_QUOTED_INCLUDE_IN_FRAMEWORK_HEADER = YES;
				CLANG_WARN_RANGE_LOOP_ANALYSIS = YES;
				CLANG_WARN_STRICT_PROTOTYPES = YES;
				CLANG_WARN_SUSPICIOUS_MOVE = YES;
				CLANG_WARN_UNGUARDED_AVAILABILITY = YES_AGGRESSIVE;
				CLANG_WARN_UNREACHABLE_CODE = YES;
				CLANG_WARN__DUPLICATE_METHOD_MATCH = YES;
				COPY_PHASE_STRIP = NO;
				DEBUG_INFORMATION_FORMAT = "dwarf-with-dsym";
				ENABLE_NS_ASSERTIONS = NO;
				ENABLE_STRICT_OBJC_MSGSEND = YES;
				ENABLE_USER_SCRIPT_SANDBOXING = YES;
				GCC_C_LANGUAGE_STANDARD = gnu17;
				GCC_NO_COMMON_BLOCKS = YES;
				GCC_WARN_64_TO_32_BIT_CONVERSION = YES;
				GCC_WARN_ABOUT_RETURN_TYPE = YES_ERROR;
				GCC_WARN_UNDECLARED_SELECTOR = YES;
				GCC_WARN_UNINITIALIZED_AUTOS = YES_AGGRESSIVE;
				GCC_WARN_UNUSED_FUNCTION = YES;
				GCC_WARN_UNUSED_VARIABLE = YES;
				IPHONEOS_DEPLOYMENT_TARGET = 18.2;
				LOCALIZATION_PREFERS_STRING_CATALOGS = YES;
				MTL_ENABLE_DEBUG_INFO = NO;
				MTL_FAST_MATH = YES;
				SDKROOT = iphoneos;
				SWIFT_COMPILATION_MODE = wholemodule;
				VALIDATE_PRODUCT = YES;
			};
			name = Release;
		};
		E7A030782EA720530072496D /* Debug */ = {
			isa = XCBuildConfiguration;
			buildSettings = {
				ASSETCATALOG_COMPILER_APPICON_NAME = AppIcon;
				ASSETCATALOG_COMPILER_GLOBAL_ACCENT_COLOR_NAME = AccentColor;
				CODE_SIGN_STYLE = Automatic;
				CURRENT_PROJECT_VERSION = 1;
				DEVELOPMENT_ASSET_PATHS = "\"LumaFlow/Preview Content\"";
				DEVELOPMENT_TEAM = 33WUGZJTYC;
				ENABLE_PREVIEWS = YES;
				GENERATE_INFOPLIST_FILE = NO;
				INFOPLIST_FILE = LumaFlow/Info.plist;
				INFOPLIST_KEY_UIApplicationSceneManifest_Generation = YES;
				INFOPLIST_KEY_UIApplicationSupportsIndirectInputEvents = YES;
				INFOPLIST_KEY_UILaunchScreen_Generation = YES;
				INFOPLIST_KEY_UISupportedInterfaceOrientations_iPad = "UIInterfaceOrientationPortrait UIInterfaceOrientationPortraitUpsideDown UIInterfaceOrientationLandscapeLeft UIInterfaceOrientationLandscapeRight";
				INFOPLIST_KEY_UISupportedInterfaceOrientations_iPhone = "UIInterfaceOrientationPortrait UIInterfaceOrientationLandscapeLeft UIInterfaceOrientationLandscapeRight";
				LD_RUNPATH_SEARCH_PATHS = (
					"$(inherited)",
					"@executable_path/Frameworks",
				);
				MARKETING_VERSION = 1.0;
				PRODUCT_BUNDLE_IDENTIFIER = com.yarontorbaty.LumaFlow;
				PRODUCT_NAME = "$(TARGET_NAME)";
				SWIFT_EMIT_LOC_STRINGS = YES;
				SWIFT_VERSION = 5.0;
				TARGETED_DEVICE_FAMILY = "1,2";
			};
			name = Debug;
		};
		E7A030792EA720530072496D /* Release */ = {
			isa = XCBuildConfiguration;
			buildSettings = {
				ASSETCATALOG_COMPILER_APPICON_NAME = AppIcon;
				ASSETCATALOG_COMPILER_GLOBAL_ACCENT_COLOR_NAME = AccentColor;
				CODE_SIGN_STYLE = Automatic;
				CURRENT_PROJECT_VERSION = 1;
				DEVELOPMENT_ASSET_PATHS = "\"LumaFlow/Preview Content\"";
				DEVELOPMENT_TEAM = 33WUGZJTYC;
				ENABLE_PREVIEWS = YES;
				GENERATE_INFOPLIST_FILE = NO;
				INFOPLIST_FILE = LumaFlow/Info.plist;
				INFOPLIST_KEY_UIApplicationSceneManifest_Generation = YES;
				INFOPLIST_KEY_UIApplicationSupportsIndirectInputEvents = YES;
				INFOPLIST_KEY_UILaunchScreen_Generation = YES;
				INFOPLIST_KEY_UISupportedInterfaceOrientations_iPad = "UIInterfaceOrientationPortrait UIInterfaceOrientationPortraitUpsideDown UIInterfaceOrientationLandscapeLeft UIInterfaceOrientationLandscapeRight";
				INFOPLIST_KEY_UISupportedInterfaceOrientations_iPhone = "UIInterfaceOrientationPortrait UIInterfaceOrientationLandscapeLeft UIInterfaceOrientationLandscapeRight";
				LD_RUNPATH_SEARCH_PATHS = (
					"$(inherited)",
					"@executable_path/Frameworks",
				);
				MARKETING_VERSION = 1.0;
				PRODUCT_BUNDLE_IDENTIFIER = com.yarontorbaty.LumaFlow;
				PRODUCT_NAME = "$(TARGET_NAME)";
				SWIFT_EMIT_LOC_STRINGS = YES;
				SWIFT_VERSION = 5.0;
				TARGETED_DEVICE_FAMILY = "1,2";
			};
			name = Release;
		};
		E7A0307B2EA720530072496D /* Debug */ = {
			isa = XCBuildConfiguration;
			buildSettings = {
				BUNDLE_LOADER = "$(TEST_HOST)";
				CODE_SIGN_STYLE = Automatic;
				CURRENT_PROJECT_VERSION = 1;
				DEVELOPMENT_TEAM = 33WUGZJTYC;
				GENERATE_INFOPLIST_FILE = YES;
				IPHONEOS_DEPLOYMENT_TARGET = 18.2;
				MARKETING_VERSION = 1.0;
				PRODUCT_BUNDLE_IDENTIFIER = com.yarontorbaty.LumaFlowTests;
				PRODUCT_NAME = "$(TARGET_NAME)";
				SWIFT_EMIT_LOC_STRINGS = NO;
				SWIFT_VERSION = 5.0;
				TARGETED_DEVICE_FAMILY = "1,2";
				TEST_HOST = "$(BUILT_PRODUCTS_DIR)/LumaFlow.app/$(BUNDLE_EXECUTABLE_FOLDER_PATH)/LumaFlow";
			};
			name = Debug;
		};
		E7A0307C2EA720530072496D /* Release */ = {
			isa = XCBuildConfiguration;
			buildSettings = {
				BUNDLE_LOADER = "$(TEST_HOST)";
				CODE_SIGN_STYLE = Automatic;
				CURRENT_PROJECT_VERSION = 1;
				DEVELOPMENT_TEAM = 33WUGZJTYC;
				GENERATE_INFOPLIST_FILE = YES;
				IPHONEOS_DEPLOYMENT_TARGET = 18.2;
				MARKETING_VERSION = 1.0;
				PRODUCT_BUNDLE_IDENTIFIER = com.yarontorbaty.LumaFlowTests;
				PRODUCT_NAME = "$(TARGET_NAME)";
				SWIFT_EMIT_LOC_STRINGS = NO;
				SWIFT_VERSION = 5.0;
				TARGETED_DEVICE_FAMILY = "1,2";
				TEST_HOST = "$(BUILT_PRODUCTS_DIR)/LumaFlow.app/$(BUNDLE_EXECUTABLE_FOLDER_PATH)/LumaFlow";
			};
			name = Release;
		};
		E7A0307E2EA720530072496D /* Debug */ = {
			isa = XCBuildConfiguration;
			buildSettings = {
				CODE_SIGN_STYLE = Automatic;
				CURRENT_PROJECT_VERSION = 1;
				DEVELOPMENT_TEAM = 33WUGZJTYC;
				GENERATE_INFOPLIST_FILE = YES;
				MARKETING_VERSION = 1.0;
				PRODUCT_BUNDLE_IDENTIFIER = com.yarontorbaty.LumaFlowUITests;
				PRODUCT_NAME = "$(TARGET_NAME)";
				SWIFT_EMIT_LOC_STRINGS = NO;
				SWIFT_VERSION = 5.0;
				TARGETED_DEVICE_FAMILY = "1,2";
				TEST_TARGET_NAME = LumaFlow;
			};
			name = Debug;
		};
		E7A0307F2EA720530072496D /* Release */ = {
			isa = XCBuildConfiguration;
			buildSettings = {
				CODE_SIGN_STYLE = Automatic;
				CURRENT_PROJECT_VERSION = 1;
				DEVELOPMENT_TEAM = 33WUGZJTYC;
				GENERATE_INFOPLIST_FILE = YES;
				MARKETING_VERSION = 1.0;
				PRODUCT_BUNDLE_IDENTIFIER = com.yarontorbaty.LumaFlowUITests;
				PRODUCT_NAME = "$(TARGET_NAME)";
				SWIFT_EMIT_LOC_STRINGS = NO;
				SWIFT_VERSION = 5.0;
				TARGETED_DEVICE_FAMILY = "1,2";
				TEST_TARGET_NAME = LumaFlow;
			};
			name = Release;
		};
/* End XCBuildConfiguration section */

/* Begin XCConfigurationList section */
		E7A0304E2EA720520072496D /* Build configuration list for PBXProject "LumaFlow" */ = {
			isa = XCConfigurationList;
			buildConfigurations = (
				E7A030752EA720530072496D /* Debug */,
				E7A030762EA720530072496D /* Release */,
			);
			defaultConfigurationIsVisible = 0;
			defaultConfigurationName = Release;
		};
		E7A030772EA720530072496D /* Build configuration list for PBXNativeTarget "LumaFlow" */ = {
			isa = XCConfigurationList;
			buildConfigurations = (
				E7A030782EA720530072496D /* Debug */,
				E7A030792EA720530072496D /* Release */,
			);
			defaultConfigurationIsVisible = 0;
			defaultConfigurationName = Release;
		};
		E7A0307A2EA720530072496D /* Build configuration list for PBXNativeTarget "LumaFlowTests" */ = {
			isa = XCConfigurationList;
			buildConfigurations = (
				E7A0307B2EA720530072496D /* Debug */,
				E7A0307C2EA720530072496D /* Release */,
			);
			defaultConfigurationIsVisible = 0;
			defaultConfigurationName = Release;
		};
		E7A0307D2EA720530072496D /* Build configuration list for PBXNativeTarget "LumaFlowUITests" */ = {
			isa = XCConfigurationList;
			buildConfigurations = (
				E7A0307E2EA720530072496D /* Debug */,
				E7A0307F2EA720530072496D /* Release */,
			);
			defaultConfigurationIsVisible = 0;
			defaultConfigurationName = Release;
		};
/* End XCConfigurationList section */
	};
	rootObject = E7A0304B2EA720520072496D /* Project object */;
}
